// !$*UTF8*$!
{
	archiveVersion = 1;
	classes = {
	};
	objectVersion = 56;
	objects = {

/* Begin PBXBuildFile section */
		E47F6DC12986B0DF004EA25E /* yayornayApp.swift in Sources */ = {isa = PBXBuildFile; fileRef = E47F6DC02986B0DF004EA25E /* yayornayApp.swift */; };
		E47F6DC32986B0DF004EA25E /* ContentView.swift in Sources */ = {isa = PBXBuildFile; fileRef = E47F6DC22986B0DF004EA25E /* ContentView.swift */; };
		E47F6DC52986B0E0004EA25E /* Assets.xcassets in Resources */ = {isa = PBXBuildFile; fileRef = E47F6DC42986B0E0004EA25E /* Assets.xcassets */; };
		E47F6DC82986B0E0004EA25E /* Preview Assets.xcassets in Resources */ = {isa = PBXBuildFile; fileRef = E47F6DC72986B0E0004EA25E /* Preview Assets.xcassets */; };
		E47F6DCA2986B0E0004EA25E /* Persistence.swift in Sources */ = {isa = PBXBuildFile; fileRef = E47F6DC92986B0E0004EA25E /* Persistence.swift */; };
		E47F6DCD2986B0E0004EA25E /* yayornay.xcdatamodeld in Sources */ = {isa = PBXBuildFile; fileRef = E47F6DCB2986B0E0004EA25E /* yayornay.xcdatamodeld */; };
		E47F6DD42986B1E9004EA25E /* GoogleService-Info.plist in Resources */ = {isa = PBXBuildFile; fileRef = E47F6DD32986B1E9004EA25E /* GoogleService-Info.plist */; };
/* End PBXBuildFile section */

/* Begin PBXFileReference section */
		E47F6DBD2986B0DF004EA25E /* yayornay.app */ = {isa = PBXFileReference; explicitFileType = wrapper.application; includeInIndex = 0; path = yayornay.app; sourceTree = BUILT_PRODUCTS_DIR; };
		E47F6DC02986B0DF004EA25E /* yayornayApp.swift */ = {isa = PBXFileReference; lastKnownFileType = sourcecode.swift; path = yayornayApp.swift; sourceTree = "<group>"; };
		E47F6DC22986B0DF004EA25E /* ContentView.swift */ = {isa = PBXFileReference; lastKnownFileType = sourcecode.swift; path = ContentView.swift; sourceTree = "<group>"; };
		E47F6DC42986B0E0004EA25E /* Assets.xcassets */ = {isa = PBXFileReference; lastKnownFileType = folder.assetcatalog; path = Assets.xcassets; sourceTree = "<group>"; };
		E47F6DC72986B0E0004EA25E /* Preview Assets.xcassets */ = {isa = PBXFileReference; lastKnownFileType = folder.assetcatalog; path = "Preview Assets.xcassets"; sourceTree = "<group>"; };
		E47F6DC92986B0E0004EA25E /* Persistence.swift */ = {isa = PBXFileReference; lastKnownFileType = sourcecode.swift; path = Persistence.swift; sourceTree = "<group>"; };
		E47F6DCC2986B0E0004EA25E /* yayornay.xcdatamodel */ = {isa = PBXFileReference; lastKnownFileType = wrapper.xcdatamodel; path = yayornay.xcdatamodel; sourceTree = "<group>"; };
		E47F6DD32986B1E9004EA25E /* GoogleService-Info.plist */ = {isa = PBXFileReference; fileEncoding = 4; lastKnownFileType = text.plist.xml; path = "GoogleService-Info.plist"; sourceTree = "<group>"; };
/* End PBXFileReference section */

/* Begin PBXFrameworksBuildPhase section */
		E47F6DBA2986B0DF004EA25E /* Frameworks */ = {
			isa = PBXFrameworksBuildPhase;
			buildActionMask = 2147483647;
			files = (
			);
			runOnlyForDeploymentPostprocessing = 0;
		};
/* End PBXFrameworksBuildPhase section */

/* Begin PBXGroup section */
		E47F6DB42986B0DF004EA25E = {
			isa = PBXGroup;
			children = (
				E47F6DBF2986B0DF004EA25E /* yayornay */,
				E47F6DBE2986B0DF004EA25E /* Products */,
			);
			sourceTree = "<group>";
		};
		E47F6DBE2986B0DF004EA25E /* Products */ = {
			isa = PBXGroup;
			children = (
				E47F6DBD2986B0DF004EA25E /* yayornay.app */,
			);
			name = Products;
			sourceTree = "<group>";
		};
		E47F6DBF2986B0DF004EA25E /* yayornay */ = {
			isa = PBXGroup;
			children = (
				E47F6DC02986B0DF004EA25E /* yayornayApp.swift */,
				E47F6DC22986B0DF004EA25E /* ContentView.swift */,
				E47F6DC42986B0E0004EA25E /* Assets.xcassets */,
				E47F6DC92986B0E0004EA25E /* Persistence.swift */,
				E47F6DCB2986B0E0004EA25E /* yayornay.xcdatamodeld */,
				E47F6DD32986B1E9004EA25E /* GoogleService-Info.plist */,
				E47F6DC62986B0E0004EA25E /* Preview Content */,
			);
			path = yayornay;
			sourceTree = "<group>";
		};
		E47F6DC62986B0E0004EA25E /* Preview Content */ = {
			isa = PBXGroup;
			children = (
				E47F6DC72986B0E0004EA25E /* Preview Assets.xcassets */,
			);
			path = "Preview Content";
			sourceTree = "<group>";
		};
/* End PBXGroup section */

/* Begin PBXNativeTarget section */
		E47F6DBC2986B0DF004EA25E /* yayornay */ = {
			isa = PBXNativeTarget;
			buildConfigurationList = E47F6DD02986B0E0004EA25E /* Build configuration list for PBXNativeTarget "yayornay" */;
			buildPhases = (
				E47F6DB92986B0DF004EA25E /* Sources */,
				E47F6DBA2986B0DF004EA25E /* Frameworks */,
				E47F6DBB2986B0DF004EA25E /* Resources */,
			);
			buildRules = (
			);
			dependencies = (
			);
			name = yayornay;
			productName = yayornay;
			productReference = E47F6DBD2986B0DF004EA25E /* yayornay.app */;
			productType = "com.apple.product-type.application";
		};
/* End PBXNativeTarget section */

/* Begin PBXProject section */
		E47F6DB52986B0DF004EA25E /* Project object */ = {
			isa = PBXProject;
			attributes = {
				BuildIndependentTargetsInParallel = 1;
				LastSwiftUpdateCheck = 1410;
				LastUpgradeCheck = 1410;
				TargetAttributes = {
					E47F6DBC2986B0DF004EA25E = {
						CreatedOnToolsVersion = 14.1;
					};
				};
			};
			buildConfigurationList = E47F6DB82986B0DF004EA25E /* Build configuration list for PBXProject "yayornay" */;
			compatibilityVersion = "Xcode 14.0";
			developmentRegion = en;
			hasScannedForEncodings = 0;
			knownRegions = (
				en,
				Base,
			);
			mainGroup = E47F6DB42986B0DF004EA25E;
			productRefGroup = E47F6DBE2986B0DF004EA25E /* Products */;
			projectDirPath = "";
			projectRoot = "";
			targets = (
				E47F6DBC2986B0DF004EA25E /* yayornay */,
			);
		};
/* End PBXProject section */

/* Begin PBXResourcesBuildPhase section */
		E47F6DBB2986B0DF004EA25E /* Resources */ = {
			isa = PBXResourcesBuildPhase;
			buildActionMask = 2147483647;
			files = (
				E47F6DC82986B0E0004EA25E /* Preview Assets.xcassets in Resources */,
				E47F6DC52986B0E0004EA25E /* Assets.xcassets in Resources */,
				E47F6DD42986B1E9004EA25E /* GoogleService-Info.plist in Resources */,
			);
			runOnlyForDeploymentPostprocessing = 0;
		};
/* End PBXResourcesBuildPhase section */

/* Begin PBXSourcesBuildPhase section */
		E47F6DB92986B0DF004EA25E /* Sources */ = {
			isa = PBXSourcesBuildPhase;
			buildActionMask = 2147483647;
			files = (
				E47F6DCA2986B0E0004EA25E /* Persistence.swift in Sources */,
				E47F6DCD2986B0E0004EA25E /* yayornay.xcdatamodeld in Sources */,
				E47F6DC32986B0DF004EA25E /* ContentView.swift in Sources */,
				E47F6DC12986B0DF004EA25E /* yayornayApp.swift in Sources */,
			);
			runOnlyForDeploymentPostprocessing = 0;
		};
/* End PBXSourcesBuildPhase section */

/* Begin XCBuildConfiguration section */
		E47F6DCE2986B0E0004EA25E /* Debug */ = {
			isa = XCBuildConfiguration;
			buildSettings = {
				ALWAYS_SEARCH_USER_PATHS = NO;
				CLANG_ANALYZER_NONNULL = YES;
				CLANG_ANALYZER_NUMBER_OBJECT_CONVERSION = YES_AGGRESSIVE;
				CLANG_CXX_LANGUAGE_STANDARD = "gnu++20";
				CLANG_ENABLE_MODULES = YES;
				CLANG_ENABLE_OBJC_ARC = YES;
				CLANG_ENABLE_OBJC_WEAK = YES;
				CLANG_WARN_BLOCK_CAPTURE_AUTORELEASING = YES;
				CLANG_WARN_BOOL_CONVERSION = YES;
				CLANG_WARN_COMMA = YES;
				CLANG_WARN_CONSTANT_CONVERSION = YES;
				CLANG_WARN_DEPRECATED_OBJC_IMPLEMENTATIONS = YES;
				CLANG_WARN_DIRECT_OBJC_ISA_USAGE = YES_ERROR;
				CLANG_WARN_DOCUMENTATION_COMMENTS = YES;
				CLANG_WARN_EMPTY_BODY = YES;
				CLANG_WARN_ENUM_CONVERSION = YES;
				CLANG_WARN_INFINITE_RECURSION = YES;
				CLANG_WARN_INT_CONVERSION = YES;
				CLANG_WARN_NON_LITERAL_NULL_CONVERSION = YES;
				CLANG_WARN_OBJC_IMPLICIT_RETAIN_SELF = YES;
				CLANG_WARN_OBJC_LITERAL_CONVERSION = YES;
				CLANG_WARN_OBJC_ROOT_CLASS = YES_ERROR;
				CLANG_WARN_QUOTED_INCLUDE_IN_FRAMEWORK_HEADER = YES;
				CLANG_WARN_RANGE_LOOP_ANALYSIS = YES;
				CLANG_WARN_STRICT_PROTOTYPES = YES;
				CLANG_WARN_SUSPICIOUS_MOVE = YES;
				CLANG_WARN_UNGUARDED_AVAILABILITY = YES_AGGRESSIVE;
				CLANG_WARN_UNREACHABLE_CODE = YES;
				CLANG_WARN__DUPLICATE_METHOD_MATCH = YES;
				COPY_PHASE_STRIP = NO;
				DEBUG_INFORMATION_FORMAT = dwarf;
				ENABLE_STRICT_OBJC_MSGSEND = YES;
				ENABLE_TESTABILITY = YES;
				GCC_C_LANGUAGE_STANDARD = gnu11;
				GCC_DYNAMIC_NO_PIC = NO;
				GCC_NO_COMMON_BLOCKS = YES;
				GCC_OPTIMIZATION_LEVEL = 0;
				GCC_PREPROCESSOR_DEFINITIONS = (
					"DEBUG=1",
					"$(inherited)",
				);
				GCC_WARN_64_TO_32_BIT_CONVERSION = YES;
				GCC_WARN_ABOUT_RETURN_TYPE = YES_ERROR;
				GCC_WARN_UNDECLARED_SELECTOR = YES;
				GCC_WARN_UNINITIALIZED_AUTOS = YES_AGGRESSIVE;
				GCC_WARN_UNUSED_FUNCTION = YES;
				GCC_WARN_UNUSED_VARIABLE = YES;
				IPHONEOS_DEPLOYMENT_TARGET = 16.1;
				MTL_ENABLE_DEBUG_INFO = INCLUDE_SOURCE;
				MTL_FAST_MATH = YES;
				ONLY_ACTIVE_ARCH = YES;
				SDKROOT = iphoneos;
				SWIFT_ACTIVE_COMPILATION_CONDITIONS = DEBUG;
				SWIFT_OPTIMIZATION_LEVEL = "-Onone";
			};
			name = Debug;
		};
		E47F6DCF2986B0E0004EA25E /* Release */ = {
			isa = XCBuildConfiguration;
			buildSettings = {
				ALWAYS_SEARCH_USER_PATHS = NO;
				CLANG_ANALYZER_NONNULL = YES;
				CLANG_ANALYZER_NUMBER_OBJECT_CONVERSION = YES_AGGRESSIVE;
				CLANG_CXX_LANGUAGE_STANDARD = "gnu++20";
				CLANG_ENABLE_MODULES = YES;
				CLANG_ENABLE_OBJC_ARC = YES;
				CLANG_ENABLE_OBJC_WEAK = YES;
				CLANG_WARN_BLOCK_CAPTURE_AUTORELEASING = YES;
				CLANG_WARN_BOOL_CONVERSION = YES;
				CLANG_WARN_COMMA = YES;
				CLANG_WARN_CONSTANT_CONVERSION = YES;
				CLANG_WARN_DEPRECATED_OBJC_IMPLEMENTATIONS = YES;
				CLANG_WARN_DIRECT_OBJC_ISA_USAGE = YES_ERROR;
				CLANG_WARN_DOCUMENTATION_COMMENTS = YES;
				CLANG_WARN_EMPTY_BODY = YES;
				CLANG_WARN_ENUM_CONVERSION = YES;
				CLANG_WARN_INFINITE_RECURSION = YES;
				CLANG_WARN_INT_CONVERSION = YES;
				CLANG_WARN_NON_LITERAL_NULL_CONVERSION = YES;
				CLANG_WARN_OBJC_IMPLICIT_RETAIN_SELF = YES;
				CLANG_WARN_OBJC_LITERAL_CONVERSION = YES;
				CLANG_WARN_OBJC_ROOT_CLASS = YES_ERROR;
				CLANG_WARN_QUOTED_INCLUDE_IN_FRAMEWORK_HEADER = YES;
				CLANG_WARN_RANGE_LOOP_ANALYSIS = YES;
				CLANG_WARN_STRICT_PROTOTYPES = YES;
				CLANG_WARN_SUSPICIOUS_MOVE = YES;
				CLANG_WARN_UNGUARDED_AVAILABILITY = YES_AGGRESSIVE;
				CLANG_WARN_UNREACHABLE_CODE = YES;
				CLANG_WARN__DUPLICATE_METHOD_MATCH = YES;
				COPY_PHASE_STRIP = NO;
				DEBUG_INFORMATION_FORMAT = "dwarf-with-dsym";
				ENABLE_NS_ASSERTIONS = NO;
				ENABLE_STRICT_OBJC_MSGSEND = YES;
				GCC_C_LANGUAGE_STANDARD = gnu11;
				GCC_NO_COMMON_BLOCKS = YES;
				GCC_WARN_64_TO_32_BIT_CONVERSION = YES;
				GCC_WARN_ABOUT_RETURN_TYPE = YES_ERROR;
				GCC_WARN_UNDECLARED_SELECTOR = YES;
				GCC_WARN_UNINITIALIZED_AUTOS = YES_AGGRESSIVE;
				GCC_WARN_UNUSED_FUNCTION = YES;
				GCC_WARN_UNUSED_VARIABLE = YES;
				IPHONEOS_DEPLOYMENT_TARGET = 16.1;
				MTL_ENABLE_DEBUG_INFO = NO;
				MTL_FAST_MATH = YES;
				SDKROOT = iphoneos;
				SWIFT_COMPILATION_MODE = wholemodule;
				SWIFT_OPTIMIZATION_LEVEL = "-O";
				VALIDATE_PRODUCT = YES;
			};
			name = Release;
		};
		E47F6DD12986B0E0004EA25E /* Debug */ = {
			isa = XCBuildConfiguration;
			buildSettings = {
				ASSETCATALOG_COMPILER_APPICON_NAME = AppIcon;
				ASSETCATALOG_COMPILER_GLOBAL_ACCENT_COLOR_NAME = AccentColor;
				CODE_SIGN_STYLE = Automatic;
				CURRENT_PROJECT_VERSION = 1;
				DEVELOPMENT_ASSET_PATHS = "\"yayornay/Preview Content\"";
				DEVELOPMENT_TEAM = 6XYUZ25Q37;
				ENABLE_PREVIEWS = YES;
				GENERATE_INFOPLIST_FILE = YES;
				INFOPLIST_KEY_UIApplicationSceneManifest_Generation = YES;
				INFOPLIST_KEY_UIApplicationSupportsIndirectInputEvents = YES;
				INFOPLIST_KEY_UILaunchScreen_Generation = YES;
				INFOPLIST_KEY_UISupportedInterfaceOrientations_iPad = "UIInterfaceOrientationPortrait UIInterfaceOrientationPortraitUpsideDown UIInterfaceOrientationLandscapeLeft UIInterfaceOrientationLandscapeRight";
				INFOPLIST_KEY_UISupportedInterfaceOrientations_iPhone = "UIInterfaceOrientationPortrait UIInterfaceOrientationLandscapeLeft UIInterfaceOrientationLandscapeRight";
				LD_RUNPATH_SEARCH_PATHS = (
					"$(inherited)",
					"@executable_path/Frameworks",
				);
				MARKETING_VERSION = 1.0;
				PRODUCT_BUNDLE_IDENTIFIER = com.sickinger.yayornay;
				PRODUCT_NAME = "$(TARGET_NAME)";
				SWIFT_EMIT_LOC_STRINGS = YES;
				SWIFT_VERSION = 5.0;
				TARGETED_DEVICE_FAMILY = "1,2";
			};
			name = Debug;
		};
		E47F6DD22986B0E0004EA25E /* Release */ = {
			isa = XCBuildConfiguration;
			buildSettings = {
				ASSETCATALOG_COMPILER_APPICON_NAME = AppIcon;
				ASSETCATALOG_COMPILER_GLOBAL_ACCENT_COLOR_NAME = AccentColor;
				CODE_SIGN_STYLE = Automatic;
				CURRENT_PROJECT_VERSION = 1;
				DEVELOPMENT_ASSET_PATHS = "\"yayornay/Preview Content\"";
				DEVELOPMENT_TEAM = 6XYUZ25Q37;
				ENABLE_PREVIEWS = YES;
				GENERATE_INFOPLIST_FILE = YES;
				INFOPLIST_KEY_UIApplicationSceneManifest_Generation = YES;
				INFOPLIST_KEY_UIApplicationSupportsIndirectInputEvents = YES;
				INFOPLIST_KEY_UILaunchScreen_Generation = YES;
				INFOPLIST_KEY_UISupportedInterfaceOrientations_iPad = "UIInterfaceOrientationPortrait UIInterfaceOrientationPortraitUpsideDown UIInterfaceOrientationLandscapeLeft UIInterfaceOrientationLandscapeRight";
				INFOPLIST_KEY_UISupportedInterfaceOrientations_iPhone = "UIInterfaceOrientationPortrait UIInterfaceOrientationLandscapeLeft UIInterfaceOrientationLandscapeRight";
				LD_RUNPATH_SEARCH_PATHS = (
					"$(inherited)",
					"@executable_path/Frameworks",
				);
				MARKETING_VERSION = 1.0;
				PRODUCT_BUNDLE_IDENTIFIER = com.sickinger.yayornay;
				PRODUCT_NAME = "$(TARGET_NAME)";
				SWIFT_EMIT_LOC_STRINGS = YES;
				SWIFT_VERSION = 5.0;
				TARGETED_DEVICE_FAMILY = "1,2";
			};
			name = Release;
		};
/* End XCBuildConfiguration section */

/* Begin XCConfigurationList section */
		E47F6DB82986B0DF004EA25E /* Build configuration list for PBXProject "yayornay" */ = {
			isa = XCConfigurationList;
			buildConfigurations = (
				E47F6DCE2986B0E0004EA25E /* Debug */,
				E47F6DCF2986B0E0004EA25E /* Release */,
			);
			defaultConfigurationIsVisible = 0;
			defaultConfigurationName = Release;
		};
		E47F6DD02986B0E0004EA25E /* Build configuration list for PBXNativeTarget "yayornay" */ = {
			isa = XCConfigurationList;
			buildConfigurations = (
				E47F6DD12986B0E0004EA25E /* Debug */,
				E47F6DD22986B0E0004EA25E /* Release */,
			);
			defaultConfigurationIsVisible = 0;
			defaultConfigurationName = Release;
		};
/* End XCConfigurationList section */

/* Begin XCVersionGroup section */
		E47F6DCB2986B0E0004EA25E /* yayornay.xcdatamodeld */ = {
			isa = XCVersionGroup;
			children = (
				E47F6DCC2986B0E0004EA25E /* yayornay.xcdatamodel */,
			);
			currentVersion = E47F6DCC2986B0E0004EA25E /* yayornay.xcdatamodel */;
			path = yayornay.xcdatamodeld;
			sourceTree = "<group>";
			versionGroupType = wrapper.xcdatamodel;
		};
/* End XCVersionGroup section */
	};
	rootObject = E47F6DB52986B0DF004EA25E /* Project object */;
}
